
Microsoft Visual Studio Solution File, Format Version 12.00
# Visual Studio Version 17
VisualStudioVersion = 17.9.34728.123
MinimumVisualStudioVersion = 10.0.40219.1
Project("{FAE04EC0-301F-11D3-BF4B-00C04F79EFBC}") = "SchoolProject.Api", "SchoolProject.Api\SchoolProject.Api.csproj", "{1FEC86AC-37A9-4190-B21C-FBF0CFB62E73}"
EndProject
Project("{FAE04EC0-301F-11D3-BF4B-00C04F79EFBC}") = "SchoolProject.Data", "SchoolProject.Data\SchoolProject.Data.csproj", "{07362A9D-6BF4-4CBC-ABEB-F50EA060C6C8}"
EndProject
Project("{FAE04EC0-301F-11D3-BF4B-00C04F79EFBC}") = "SchoolProject.Infrastructure", "SchoolProject.Infrastructure\SchoolProject.Infrastructure.csproj", "{9EC27718-8A4C-43AA-A4BA-9AA9B9234939}"
EndProject
Project("{FAE04EC0-301F-11D3-BF4B-00C04F79EFBC}") = "SchoolProject.Service", "SchoolProject.Service\SchoolProject.Service.csproj", "{8FBF2C92-635E-424D-B5EC-12E77A2EA27D}"
EndProject
Project("{FAE04EC0-301F-11D3-BF4B-00C04F79EFBC}") = "SchoolProject.Core", "SchoolProject.Core\SchoolProject.Core.csproj", "{A818F2A2-F005-4FA3-AC36-113F70851AFD}"
EndProject
Global
	GlobalSection(SolutionConfigurationPlatforms) = preSolution
		Debug|Any CPU = Debug|Any CPU
		Release|Any CPU = Release|Any CPU
	EndGlobalSection
	GlobalSection(ProjectConfigurationPlatforms) = postSolution
		{1FEC86AC-37A9-4190-B21C-FBF0CFB62E73}.Debug|Any CPU.ActiveCfg = Debug|Any CPU
		{1FEC86AC-37A9-4190-B21C-FBF0CFB62E73}.Debug|Any CPU.Build.0 = Debug|Any CPU
		{1FEC86AC-37A9-4190-B21C-FBF0CFB62E73}.Release|Any CPU.ActiveCfg = Release|Any CPU
		{1FEC86AC-37A9-4190-B21C-FBF0CFB62E73}.Release|Any CPU.Build.0 = Release|Any CPU
		{07362A9D-6BF4-4CBC-ABEB-F50EA060C6C8}.Debug|Any CPU.ActiveCfg = Debug|Any CPU
		{07362A9D-6BF4-4CBC-ABEB-F50EA060C6C8}.Debug|Any CPU.Build.0 = Debug|Any CPU
		{07362A9D-6BF4-4CBC-ABEB-F50EA060C6C8}.Release|Any CPU.ActiveCfg = Release|Any CPU
		{07362A9D-6BF4-4CBC-ABEB-F50EA060C6C8}.Release|Any CPU.Build.0 = Release|Any CPU
		{9EC27718-8A4C-43AA-A4BA-9AA9B9234939}.Debug|Any CPU.ActiveCfg = Debug|Any CPU
		{9EC27718-8A4C-43AA-A4BA-9AA9B9234939}.Debug|Any CPU.Build.0 = Debug|Any CPU
		{9EC27718-8A4C-43AA-A4BA-9AA9B9234939}.Release|Any CPU.ActiveCfg = Release|Any CPU
		{9EC27718-8A4C-43AA-A4BA-9AA9B9234939}.Release|Any CPU.Build.0 = Release|Any CPU
		{8FBF2C92-635E-424D-B5EC-12E77A2EA27D}.Debug|Any CPU.ActiveCfg = Debug|Any CPU
		{8FBF2C92-635E-424D-B5EC-12E77A2EA27D}.Debug|Any CPU.Build.0 = Debug|Any CPU
		{8FBF2C92-635E-424D-B5EC-12E77A2EA27D}.Release|Any CPU.ActiveCfg = Release|Any CPU
		{8FBF2C92-635E-424D-B5EC-12E77A2EA27D}.Release|Any CPU.Build.0 = Release|Any CPU
		{A818F2A2-F005-4FA3-AC36-113F70851AFD}.Debug|Any CPU.ActiveCfg = Debug|Any CPU
		{A818F2A2-F005-4FA3-AC36-113F70851AFD}.Debug|Any CPU.Build.0 = Debug|Any CPU
		{A818F2A2-F005-4FA3-AC36-113F70851AFD}.Release|Any CPU.ActiveCfg = Release|Any CPU
		{A818F2A2-F005-4FA3-AC36-113F70851AFD}.Release|Any CPU.Build.0 = Release|Any CPU
	EndGlobalSection
	GlobalSection(SolutionProperties) = preSolution
		HideSolutionNode = FALSE
	EndGlobalSection
	GlobalSection(ExtensibilityGlobals) = postSolution
		SolutionGuid = {D70C25CB-A4D5-48F5-89E6-DC305378FAD3}
	EndGlobalSection
EndGlobal
